// !$*UTF8*$!
{
	archiveVersion = 1;
	classes = {
	};
	objectVersion = 55;
	objects = {

/* Begin PBXBuildFile section */
		980B900AD3579EAAA5F4720A /* Pods_MoviesAppWithCI.framework in Frameworks */ = {isa = PBXBuildFile; fileRef = 03CECDDCCC59D724FCE82E0D /* Pods_MoviesAppWithCI.framework */; };
		DB09D66C2762C59B00133A57 /* MoviesAppWithCITests.swift in Sources */ = {isa = PBXBuildFile; fileRef = DB09D66B2762C59B00133A57 /* MoviesAppWithCITests.swift */; };
		DB582B2E27646357005771C9 /* Router.swift in Sources */ = {isa = PBXBuildFile; fileRef = DB582B2D27646357005771C9 /* Router.swift */; };
		DBA865C1275C637500E5ADBB /* AppDelegate.swift in Sources */ = {isa = PBXBuildFile; fileRef = DBA865C0275C637500E5ADBB /* AppDelegate.swift */; };
		DBA865C3275C637500E5ADBB /* SceneDelegate.swift in Sources */ = {isa = PBXBuildFile; fileRef = DBA865C2275C637500E5ADBB /* SceneDelegate.swift */; };
		DBA865C5275C637600E5ADBB /* TabBarController.swift in Sources */ = {isa = PBXBuildFile; fileRef = DBA865C4275C637500E5ADBB /* TabBarController.swift */; };
		DBA865CB275C637600E5ADBB /* MoviesAppWithCI.xcdatamodeld in Sources */ = {isa = PBXBuildFile; fileRef = DBA865C9275C637600E5ADBB /* MoviesAppWithCI.xcdatamodeld */; };
		DBA865CD275C637700E5ADBB /* Assets.xcassets in Resources */ = {isa = PBXBuildFile; fileRef = DBA865CC275C637700E5ADBB /* Assets.xcassets */; };
		DBA865D0275C637700E5ADBB /* LaunchScreen.storyboard in Resources */ = {isa = PBXBuildFile; fileRef = DBA865CE275C637700E5ADBB /* LaunchScreen.storyboard */; };
		DBA86634275CB80E00E5ADBB /* .swiftlint.yml in Resources */ = {isa = PBXBuildFile; fileRef = DBA86633275CB80E00E5ADBB /* .swiftlint.yml */; };
		DBA86709275D131D00E5ADBB /* Core.framework in Frameworks */ = {isa = PBXBuildFile; fileRef = DBA86708275D131D00E5ADBB /* Core.framework */; };
		DBA8670A275D131D00E5ADBB /* Core.framework in Embed Frameworks */ = {isa = PBXBuildFile; fileRef = DBA86708275D131D00E5ADBB /* Core.framework */; settings = {ATTRIBUTES = (CodeSignOnCopy, RemoveHeadersOnCopy, ); }; };
		DBA86718275D1C4400E5ADBB /* Home.framework in Frameworks */ = {isa = PBXBuildFile; fileRef = DBA86717275D1C4400E5ADBB /* Home.framework */; };
		DBA86719275D1C4400E5ADBB /* Home.framework in Embed Frameworks */ = {isa = PBXBuildFile; fileRef = DBA86717275D1C4400E5ADBB /* Home.framework */; settings = {ATTRIBUTES = (CodeSignOnCopy, RemoveHeadersOnCopy, ); }; };
		DBB9E81E275EC3E2005B0CF6 /* Injection.swift in Sources */ = {isa = PBXBuildFile; fileRef = DBB9E81D275EC3E2005B0CF6 /* Injection.swift */; };
/* End PBXBuildFile section */

/* Begin PBXContainerItemProxy section */
		DB09D66D2762C59B00133A57 /* PBXContainerItemProxy */ = {
			isa = PBXContainerItemProxy;
			containerPortal = DBA865B5275C637500E5ADBB /* Project object */;
			proxyType = 1;
			remoteGlobalIDString = DBA865BC275C637500E5ADBB;
			remoteInfo = MoviesAppWithCI;
		};
/* End PBXContainerItemProxy section */

/* Begin PBXCopyFilesBuildPhase section */
		DBA866CD275CF29B00E5ADBB /* Embed Frameworks */ = {
			isa = PBXCopyFilesBuildPhase;
			buildActionMask = 2147483647;
			dstPath = "";
			dstSubfolderSpec = 10;
			files = (
				DBA8670A275D131D00E5ADBB /* Core.framework in Embed Frameworks */,
				DBA86719275D1C4400E5ADBB /* Home.framework in Embed Frameworks */,
			);
			name = "Embed Frameworks";
			runOnlyForDeploymentPostprocessing = 0;
		};
/* End PBXCopyFilesBuildPhase section */

/* Begin PBXFileReference section */
		03CECDDCCC59D724FCE82E0D /* Pods_MoviesAppWithCI.framework */ = {isa = PBXFileReference; explicitFileType = wrapper.framework; includeInIndex = 0; path = Pods_MoviesAppWithCI.framework; sourceTree = BUILT_PRODUCTS_DIR; };
		24EDB0CDBBC531295A95DEB1 /* Pods-MoviesAppWithCI.release.xcconfig */ = {isa = PBXFileReference; includeInIndex = 1; lastKnownFileType = text.xcconfig; name = "Pods-MoviesAppWithCI.release.xcconfig"; path = "Target Support Files/Pods-MoviesAppWithCI/Pods-MoviesAppWithCI.release.xcconfig"; sourceTree = "<group>"; };
		D468197E88579AF7A9B7E1C5 /* Pods-MoviesAppWithCI.debug.xcconfig */ = {isa = PBXFileReference; includeInIndex = 1; lastKnownFileType = text.xcconfig; name = "Pods-MoviesAppWithCI.debug.xcconfig"; path = "Target Support Files/Pods-MoviesAppWithCI/Pods-MoviesAppWithCI.debug.xcconfig"; sourceTree = "<group>"; };
		DB09D6692762C59B00133A57 /* MoviesAppWithCITests.xctest */ = {isa = PBXFileReference; explicitFileType = wrapper.cfbundle; includeInIndex = 0; path = MoviesAppWithCITests.xctest; sourceTree = BUILT_PRODUCTS_DIR; };
		DB09D66B2762C59B00133A57 /* MoviesAppWithCITests.swift */ = {isa = PBXFileReference; lastKnownFileType = sourcecode.swift; path = MoviesAppWithCITests.swift; sourceTree = "<group>"; };
		DB582B2D27646357005771C9 /* Router.swift */ = {isa = PBXFileReference; lastKnownFileType = sourcecode.swift; path = Router.swift; sourceTree = "<group>"; };
		DBA865BD275C637500E5ADBB /* MoviesAppWithCI.app */ = {isa = PBXFileReference; explicitFileType = wrapper.application; includeInIndex = 0; path = MoviesAppWithCI.app; sourceTree = BUILT_PRODUCTS_DIR; };
		DBA865C0275C637500E5ADBB /* AppDelegate.swift */ = {isa = PBXFileReference; lastKnownFileType = sourcecode.swift; path = AppDelegate.swift; sourceTree = "<group>"; };
		DBA865C2275C637500E5ADBB /* SceneDelegate.swift */ = {isa = PBXFileReference; lastKnownFileType = sourcecode.swift; path = SceneDelegate.swift; sourceTree = "<group>"; };
		DBA865C4275C637500E5ADBB /* TabBarController.swift */ = {isa = PBXFileReference; lastKnownFileType = sourcecode.swift; path = TabBarController.swift; sourceTree = "<group>"; };
		DBA865CA275C637600E5ADBB /* MoviesAppWithCI.xcdatamodel */ = {isa = PBXFileReference; lastKnownFileType = wrapper.xcdatamodel; path = MoviesAppWithCI.xcdatamodel; sourceTree = "<group>"; };
		DBA865CC275C637700E5ADBB /* Assets.xcassets */ = {isa = PBXFileReference; lastKnownFileType = folder.assetcatalog; path = Assets.xcassets; sourceTree = "<group>"; };
		DBA865CF275C637700E5ADBB /* Base */ = {isa = PBXFileReference; lastKnownFileType = file.storyboard; name = Base; path = Base.lproj/LaunchScreen.storyboard; sourceTree = "<group>"; };
		DBA865D1275C637700E5ADBB /* Info.plist */ = {isa = PBXFileReference; lastKnownFileType = text.plist.xml; path = Info.plist; sourceTree = "<group>"; };
		DBA86633275CB80E00E5ADBB /* .swiftlint.yml */ = {isa = PBXFileReference; lastKnownFileType = text.yaml; path = .swiftlint.yml; sourceTree = "<group>"; };
		DBA866CA275CF29B00E5ADBB /* Home.framework */ = {isa = PBXFileReference; explicitFileType = wrapper.framework; path = Home.framework; sourceTree = BUILT_PRODUCTS_DIR; };
		DBA86708275D131D00E5ADBB /* Core.framework */ = {isa = PBXFileReference; explicitFileType = wrapper.framework; path = Core.framework; sourceTree = BUILT_PRODUCTS_DIR; };
		DBA86717275D1C4400E5ADBB /* Home.framework */ = {isa = PBXFileReference; explicitFileType = wrapper.framework; path = Home.framework; sourceTree = BUILT_PRODUCTS_DIR; };
		DBB9E81D275EC3E2005B0CF6 /* Injection.swift */ = {isa = PBXFileReference; lastKnownFileType = sourcecode.swift; path = Injection.swift; sourceTree = "<group>"; };
/* End PBXFileReference section */

/* Begin PBXFrameworksBuildPhase section */
		DB09D6662762C59B00133A57 /* Frameworks */ = {
			isa = PBXFrameworksBuildPhase;
			buildActionMask = 2147483647;
			files = (
			);
			runOnlyForDeploymentPostprocessing = 0;
		};
		DBA865BA275C637500E5ADBB /* Frameworks */ = {
			isa = PBXFrameworksBuildPhase;
			buildActionMask = 2147483647;
			files = (
				980B900AD3579EAAA5F4720A /* Pods_MoviesAppWithCI.framework in Frameworks */,
				DBA86709275D131D00E5ADBB /* Core.framework in Frameworks */,
				DBA86718275D1C4400E5ADBB /* Home.framework in Frameworks */,
			);
			runOnlyForDeploymentPostprocessing = 0;
		};
/* End PBXFrameworksBuildPhase section */

/* Begin PBXGroup section */
		C63369C2473289B6C7C0ACC3 /* Frameworks */ = {
			isa = PBXGroup;
			children = (
				DBA86717275D1C4400E5ADBB /* Home.framework */,
				DBA86708275D131D00E5ADBB /* Core.framework */,
				DBA866CA275CF29B00E5ADBB /* Home.framework */,
				03CECDDCCC59D724FCE82E0D /* Pods_MoviesAppWithCI.framework */,
			);
			name = Frameworks;
			sourceTree = "<group>";
		};
		DB09D66A2762C59B00133A57 /* MoviesAppWithCITests */ = {
			isa = PBXGroup;
			children = (
				DB09D66B2762C59B00133A57 /* MoviesAppWithCITests.swift */,
			);
			path = MoviesAppWithCITests;
			sourceTree = "<group>";
		};
		DB582B2C2764634D005771C9 /* Router */ = {
			isa = PBXGroup;
			children = (
				DB582B2D27646357005771C9 /* Router.swift */,
			);
			path = Router;
			sourceTree = "<group>";
		};
		DB77D19B275EC39D00FE48AE /* Core */ = {
			isa = PBXGroup;
			children = (
				DBB9E81C275EC3D9005B0CF6 /* DI */,
			);
			path = Core;
			sourceTree = "<group>";
		};
		DBA865B4275C637500E5ADBB = {
			isa = PBXGroup;
			children = (
				DBA86633275CB80E00E5ADBB /* .swiftlint.yml */,
				DBA865BF275C637500E5ADBB /* MoviesAppWithCI */,
				DB09D66A2762C59B00133A57 /* MoviesAppWithCITests */,
				DBA865BE275C637500E5ADBB /* Products */,
				F6A709719338B27FE1DB95B0 /* Pods */,
				C63369C2473289B6C7C0ACC3 /* Frameworks */,
			);
			sourceTree = "<group>";
		};
		DBA865BE275C637500E5ADBB /* Products */ = {
			isa = PBXGroup;
			children = (
				DBA865BD275C637500E5ADBB /* MoviesAppWithCI.app */,
				DB09D6692762C59B00133A57 /* MoviesAppWithCITests.xctest */,
			);
			name = Products;
			sourceTree = "<group>";
		};
		DBA865BF275C637500E5ADBB /* MoviesAppWithCI */ = {
			isa = PBXGroup;
			children = (
				DB582B2C2764634D005771C9 /* Router */,
				DBB9E81F275EC3F9005B0CF6 /* Base */,
				DB77D19B275EC39D00FE48AE /* Core */,
				DBA865CC275C637700E5ADBB /* Assets.xcassets */,
				DBA865CE275C637700E5ADBB /* LaunchScreen.storyboard */,
				DBA865D1275C637700E5ADBB /* Info.plist */,
				DBA865C9275C637600E5ADBB /* MoviesAppWithCI.xcdatamodeld */,
			);
			path = MoviesAppWithCI;
			sourceTree = "<group>";
		};
		DBB9E81C275EC3D9005B0CF6 /* DI */ = {
			isa = PBXGroup;
			children = (
				DBB9E81D275EC3E2005B0CF6 /* Injection.swift */,
			);
			path = DI;
			sourceTree = "<group>";
		};
		DBB9E81F275EC3F9005B0CF6 /* Base */ = {
			isa = PBXGroup;
			children = (
				DBA865C0275C637500E5ADBB /* AppDelegate.swift */,
				DBA865C2275C637500E5ADBB /* SceneDelegate.swift */,
				DBA865C4275C637500E5ADBB /* TabBarController.swift */,
			);
			path = Base;
			sourceTree = "<group>";
		};
		F6A709719338B27FE1DB95B0 /* Pods */ = {
			isa = PBXGroup;
			children = (
				D468197E88579AF7A9B7E1C5 /* Pods-MoviesAppWithCI.debug.xcconfig */,
				24EDB0CDBBC531295A95DEB1 /* Pods-MoviesAppWithCI.release.xcconfig */,
			);
			path = Pods;
			sourceTree = "<group>";
		};
/* End PBXGroup section */

/* Begin PBXNativeTarget section */
		DB09D6682762C59B00133A57 /* MoviesAppWithCITests */ = {
			isa = PBXNativeTarget;
			buildConfigurationList = DB09D66F2762C59B00133A57 /* Build configuration list for PBXNativeTarget "MoviesAppWithCITests" */;
			buildPhases = (
				DB09D6652762C59B00133A57 /* Sources */,
				DB09D6662762C59B00133A57 /* Frameworks */,
				DB09D6672762C59B00133A57 /* Resources */,
			);
			buildRules = (
			);
			dependencies = (
				DB09D66E2762C59B00133A57 /* PBXTargetDependency */,
			);
			name = MoviesAppWithCITests;
			productName = MoviesAppWithCITests;
			productReference = DB09D6692762C59B00133A57 /* MoviesAppWithCITests.xctest */;
			productType = "com.apple.product-type.bundle.unit-test";
		};
		DBA865BC275C637500E5ADBB /* MoviesAppWithCI */ = {
			isa = PBXNativeTarget;
			buildConfigurationList = DBA865D4275C637700E5ADBB /* Build configuration list for PBXNativeTarget "MoviesAppWithCI" */;
			buildPhases = (
				40D845E506640B462E7EDBF6 /* [CP] Check Pods Manifest.lock */,
				DBA865B9275C637500E5ADBB /* Sources */,
				DBA865BA275C637500E5ADBB /* Frameworks */,
				DBA865BB275C637500E5ADBB /* Resources */,
				DBA86632275CB76B00E5ADBB /* SwiftLint */,
				FA759872324F8B256C100806 /* [CP] Embed Pods Frameworks */,
				DBA866CD275CF29B00E5ADBB /* Embed Frameworks */,
			);
			buildRules = (
			);
			dependencies = (
			);
			name = MoviesAppWithCI;
			productName = MoviesAppWithCI;
			productReference = DBA865BD275C637500E5ADBB /* MoviesAppWithCI.app */;
			productType = "com.apple.product-type.application";
		};
/* End PBXNativeTarget section */

/* Begin PBXProject section */
		DBA865B5275C637500E5ADBB /* Project object */ = {
			isa = PBXProject;
			attributes = {
				BuildIndependentTargetsInParallel = 1;
				LastSwiftUpdateCheck = 1310;
				LastUpgradeCheck = 1310;
				TargetAttributes = {
					DB09D6682762C59B00133A57 = {
						CreatedOnToolsVersion = 13.1;
						TestTargetID = DBA865BC275C637500E5ADBB;
					};
					DBA865BC275C637500E5ADBB = {
						CreatedOnToolsVersion = 13.1;
					};
				};
			};
			buildConfigurationList = DBA865B8275C637500E5ADBB /* Build configuration list for PBXProject "MoviesAppWithCI" */;
			compatibilityVersion = "Xcode 13.0";
			developmentRegion = en;
			hasScannedForEncodings = 0;
			knownRegions = (
				en,
				Base,
			);
			mainGroup = DBA865B4275C637500E5ADBB;
			productRefGroup = DBA865BE275C637500E5ADBB /* Products */;
			projectDirPath = "";
			projectRoot = "";
			targets = (
				DBA865BC275C637500E5ADBB /* MoviesAppWithCI */,
				DB09D6682762C59B00133A57 /* MoviesAppWithCITests */,
			);
		};
/* End PBXProject section */

/* Begin PBXResourcesBuildPhase section */
		DB09D6672762C59B00133A57 /* Resources */ = {
			isa = PBXResourcesBuildPhase;
			buildActionMask = 2147483647;
			files = (
			);
			runOnlyForDeploymentPostprocessing = 0;
		};
		DBA865BB275C637500E5ADBB /* Resources */ = {
			isa = PBXResourcesBuildPhase;
			buildActionMask = 2147483647;
			files = (
				DBA86634275CB80E00E5ADBB /* .swiftlint.yml in Resources */,
				DBA865D0275C637700E5ADBB /* LaunchScreen.storyboard in Resources */,
				DBA865CD275C637700E5ADBB /* Assets.xcassets in Resources */,
			);
			runOnlyForDeploymentPostprocessing = 0;
		};
/* End PBXResourcesBuildPhase section */

/* Begin PBXShellScriptBuildPhase section */
		40D845E506640B462E7EDBF6 /* [CP] Check Pods Manifest.lock */ = {
			isa = PBXShellScriptBuildPhase;
			buildActionMask = 2147483647;
			files = (
			);
			inputFileListPaths = (
			);
			inputPaths = (
				"${PODS_PODFILE_DIR_PATH}/Podfile.lock",
				"${PODS_ROOT}/Manifest.lock",
			);
			name = "[CP] Check Pods Manifest.lock";
			outputFileListPaths = (
			);
			outputPaths = (
				"$(DERIVED_FILE_DIR)/Pods-MoviesAppWithCI-checkManifestLockResult.txt",
			);
			runOnlyForDeploymentPostprocessing = 0;
			shellPath = /bin/sh;
			shellScript = "diff \"${PODS_PODFILE_DIR_PATH}/Podfile.lock\" \"${PODS_ROOT}/Manifest.lock\" > /dev/null\nif [ $? != 0 ] ; then\n    # print error to STDERR\n    echo \"error: The sandbox is not in sync with the Podfile.lock. Run 'pod install' or update your CocoaPods installation.\" >&2\n    exit 1\nfi\n# This output is used by Xcode 'outputs' to avoid re-running this script phase.\necho \"SUCCESS\" > \"${SCRIPT_OUTPUT_FILE_0}\"\n";
			showEnvVarsInLog = 0;
		};
		DBA86632275CB76B00E5ADBB /* SwiftLint */ = {
			isa = PBXShellScriptBuildPhase;
			buildActionMask = 2147483647;
			files = (
			);
			inputFileListPaths = (
			);
			inputPaths = (
			);
			name = SwiftLint;
			outputFileListPaths = (
			);
			outputPaths = (
			);
			runOnlyForDeploymentPostprocessing = 0;
			shellPath = /bin/sh;
			shellScript = "# Type a script or drag a script file from your workspace to insert its path.\nif which swiftlint >/dev/null; then \n    swiftlint \nelse \n    echo \"warning: SwiftLint not installed, download from https://github.com/realm/SwiftLint\" \nfi\n";
		};
		FA759872324F8B256C100806 /* [CP] Embed Pods Frameworks */ = {
			isa = PBXShellScriptBuildPhase;
			buildActionMask = 2147483647;
			files = (
			);
			inputFileListPaths = (
				"${PODS_ROOT}/Target Support Files/Pods-MoviesAppWithCI/Pods-MoviesAppWithCI-frameworks-${CONFIGURATION}-input-files.xcfilelist",
			);
			name = "[CP] Embed Pods Frameworks";
			outputFileListPaths = (
				"${PODS_ROOT}/Target Support Files/Pods-MoviesAppWithCI/Pods-MoviesAppWithCI-frameworks-${CONFIGURATION}-output-files.xcfilelist",
			);
			runOnlyForDeploymentPostprocessing = 0;
			shellPath = /bin/sh;
			shellScript = "\"${PODS_ROOT}/Target Support Files/Pods-MoviesAppWithCI/Pods-MoviesAppWithCI-frameworks.sh\"\n";
			showEnvVarsInLog = 0;
		};
/* End PBXShellScriptBuildPhase section */

/* Begin PBXSourcesBuildPhase section */
		DB09D6652762C59B00133A57 /* Sources */ = {
			isa = PBXSourcesBuildPhase;
			buildActionMask = 2147483647;
			files = (
				DB09D66C2762C59B00133A57 /* MoviesAppWithCITests.swift in Sources */,
			);
			runOnlyForDeploymentPostprocessing = 0;
		};
		DBA865B9275C637500E5ADBB /* Sources */ = {
			isa = PBXSourcesBuildPhase;
			buildActionMask = 2147483647;
			files = (
				DBB9E81E275EC3E2005B0CF6 /* Injection.swift in Sources */,
				DBA865CB275C637600E5ADBB /* MoviesAppWithCI.xcdatamodeld in Sources */,
				DBA865C5275C637600E5ADBB /* TabBarController.swift in Sources */,
				DBA865C1275C637500E5ADBB /* AppDelegate.swift in Sources */,
				DB582B2E27646357005771C9 /* Router.swift in Sources */,
				DBA865C3275C637500E5ADBB /* SceneDelegate.swift in Sources */,
			);
			runOnlyForDeploymentPostprocessing = 0;
		};
/* End PBXSourcesBuildPhase section */

/* Begin PBXTargetDependency section */
		DB09D66E2762C59B00133A57 /* PBXTargetDependency */ = {
			isa = PBXTargetDependency;
			target = DBA865BC275C637500E5ADBB /* MoviesAppWithCI */;
			targetProxy = DB09D66D2762C59B00133A57 /* PBXContainerItemProxy */;
		};
/* End PBXTargetDependency section */

/* Begin PBXVariantGroup section */
		DBA865CE275C637700E5ADBB /* LaunchScreen.storyboard */ = {
			isa = PBXVariantGroup;
			children = (
				DBA865CF275C637700E5ADBB /* Base */,
			);
			name = LaunchScreen.storyboard;
			sourceTree = "<group>";
		};
/* End PBXVariantGroup section */

/* Begin XCBuildConfiguration section */
		DB09D6702762C59B00133A57 /* Debug */ = {
			isa = XCBuildConfiguration;
			buildSettings = {
				BUNDLE_LOADER = "$(TEST_HOST)";
				CODE_SIGN_STYLE = Automatic;
				CURRENT_PROJECT_VERSION = 1;
				GENERATE_INFOPLIST_FILE = YES;
				LD_RUNPATH_SEARCH_PATHS = (
					"$(inherited)",
					"@executable_path/Frameworks",
					"@loader_path/Frameworks",
				);
				MARKETING_VERSION = 1.0;
				PRODUCT_BUNDLE_IDENTIFIER = "com.bd-drmwan.MoviesAppWithCITests";
				PRODUCT_NAME = "$(TARGET_NAME)";
				SWIFT_EMIT_LOC_STRINGS = NO;
				SWIFT_VERSION = 5.0;
				TARGETED_DEVICE_FAMILY = "1,2";
				TEST_HOST = "$(BUILT_PRODUCTS_DIR)/MoviesAppWithCI.app/MoviesAppWithCI";
			};
			name = Debug;
		};
		DB09D6712762C59B00133A57 /* Release */ = {
			isa = XCBuildConfiguration;
			buildSettings = {
				BUNDLE_LOADER = "$(TEST_HOST)";
				CODE_SIGN_STYLE = Automatic;
				CURRENT_PROJECT_VERSION = 1;
				GENERATE_INFOPLIST_FILE = YES;
				LD_RUNPATH_SEARCH_PATHS = (
					"$(inherited)",
					"@executable_path/Frameworks",
					"@loader_path/Frameworks",
				);
				MARKETING_VERSION = 1.0;
				PRODUCT_BUNDLE_IDENTIFIER = "com.bd-drmwan.MoviesAppWithCITests";
				PRODUCT_NAME = "$(TARGET_NAME)";
				SWIFT_EMIT_LOC_STRINGS = NO;
				SWIFT_VERSION = 5.0;
				TARGETED_DEVICE_FAMILY = "1,2";
				TEST_HOST = "$(BUILT_PRODUCTS_DIR)/MoviesAppWithCI.app/MoviesAppWithCI";
			};
			name = Release;
		};
		DBA865D2275C637700E5ADBB /* Debug */ = {
			isa = XCBuildConfiguration;
			buildSettings = {
				ALWAYS_SEARCH_USER_PATHS = NO;
				CLANG_ANALYZER_LOCALIZABILITY_NONLOCALIZED = YES;
				CLANG_ANALYZER_NONNULL = YES;
				CLANG_ANALYZER_NUMBER_OBJECT_CONVERSION = YES_AGGRESSIVE;
				CLANG_CXX_LANGUAGE_STANDARD = "gnu++17";
				CLANG_CXX_LIBRARY = "libc++";
				CLANG_ENABLE_MODULES = YES;
				CLANG_ENABLE_OBJC_ARC = YES;
				CLANG_ENABLE_OBJC_WEAK = YES;
				CLANG_WARN_BLOCK_CAPTURE_AUTORELEASING = YES;
				CLANG_WARN_BOOL_CONVERSION = YES;
				CLANG_WARN_COMMA = YES;
				CLANG_WARN_CONSTANT_CONVERSION = YES;
				CLANG_WARN_DEPRECATED_OBJC_IMPLEMENTATIONS = YES;
				CLANG_WARN_DIRECT_OBJC_ISA_USAGE = YES_ERROR;
				CLANG_WARN_DOCUMENTATION_COMMENTS = YES;
				CLANG_WARN_EMPTY_BODY = YES;
				CLANG_WARN_ENUM_CONVERSION = YES;
				CLANG_WARN_INFINITE_RECURSION = YES;
				CLANG_WARN_INT_CONVERSION = YES;
				CLANG_WARN_NON_LITERAL_NULL_CONVERSION = YES;
				CLANG_WARN_OBJC_IMPLICIT_RETAIN_SELF = YES;
				CLANG_WARN_OBJC_LITERAL_CONVERSION = YES;
				CLANG_WARN_OBJC_ROOT_CLASS = YES_ERROR;
				CLANG_WARN_QUOTED_INCLUDE_IN_FRAMEWORK_HEADER = YES;
				CLANG_WARN_RANGE_LOOP_ANALYSIS = YES;
				CLANG_WARN_STRICT_PROTOTYPES = YES;
				CLANG_WARN_SUSPICIOUS_MOVE = YES;
				CLANG_WARN_UNGUARDED_AVAILABILITY = YES_AGGRESSIVE;
				CLANG_WARN_UNREACHABLE_CODE = YES;
				CLANG_WARN__DUPLICATE_METHOD_MATCH = YES;
				COPY_PHASE_STRIP = NO;
				DEBUG_INFORMATION_FORMAT = dwarf;
				ENABLE_STRICT_OBJC_MSGSEND = YES;
				ENABLE_TESTABILITY = YES;
				GCC_C_LANGUAGE_STANDARD = gnu11;
				GCC_DYNAMIC_NO_PIC = NO;
				GCC_NO_COMMON_BLOCKS = YES;
				GCC_OPTIMIZATION_LEVEL = 0;
				GCC_PREPROCESSOR_DEFINITIONS = (
					"DEBUG=1",
					"$(inherited)",
				);
				GCC_WARN_64_TO_32_BIT_CONVERSION = YES;
				GCC_WARN_ABOUT_RETURN_TYPE = YES_ERROR;
				GCC_WARN_UNDECLARED_SELECTOR = YES;
				GCC_WARN_UNINITIALIZED_AUTOS = YES_AGGRESSIVE;
				GCC_WARN_UNUSED_FUNCTION = YES;
				GCC_WARN_UNUSED_VARIABLE = YES;
				IPHONEOS_DEPLOYMENT_TARGET = 15.0;
				MTL_ENABLE_DEBUG_INFO = INCLUDE_SOURCE;
				MTL_FAST_MATH = YES;
				ONLY_ACTIVE_ARCH = YES;
				SDKROOT = iphoneos;
				SWIFT_ACTIVE_COMPILATION_CONDITIONS = DEBUG;
				SWIFT_OPTIMIZATION_LEVEL = "-Onone";
			};
			name = Debug;
		};
		DBA865D3275C637700E5ADBB /* Release */ = {
			isa = XCBuildConfiguration;
			buildSettings = {
				ALWAYS_SEARCH_USER_PATHS = NO;
				CLANG_ANALYZER_LOCALIZABILITY_NONLOCALIZED = YES;
				CLANG_ANALYZER_NONNULL = YES;
				CLANG_ANALYZER_NUMBER_OBJECT_CONVERSION = YES_AGGRESSIVE;
				CLANG_CXX_LANGUAGE_STANDARD = "gnu++17";
				CLANG_CXX_LIBRARY = "libc++";
				CLANG_ENABLE_MODULES = YES;
				CLANG_ENABLE_OBJC_ARC = YES;
				CLANG_ENABLE_OBJC_WEAK = YES;
				CLANG_WARN_BLOCK_CAPTURE_AUTORELEASING = YES;
				CLANG_WARN_BOOL_CONVERSION = YES;
				CLANG_WARN_COMMA = YES;
				CLANG_WARN_CONSTANT_CONVERSION = YES;
				CLANG_WARN_DEPRECATED_OBJC_IMPLEMENTATIONS = YES;
				CLANG_WARN_DIRECT_OBJC_ISA_USAGE = YES_ERROR;
				CLANG_WARN_DOCUMENTATION_COMMENTS = YES;
				CLANG_WARN_EMPTY_BODY = YES;
				CLANG_WARN_ENUM_CONVERSION = YES;
				CLANG_WARN_INFINITE_RECURSION = YES;
				CLANG_WARN_INT_CONVERSION = YES;
				CLANG_WARN_NON_LITERAL_NULL_CONVERSION = YES;
				CLANG_WARN_OBJC_IMPLICIT_RETAIN_SELF = YES;
				CLANG_WARN_OBJC_LITERAL_CONVERSION = YES;
				CLANG_WARN_OBJC_ROOT_CLASS = YES_ERROR;
				CLANG_WARN_QUOTED_INCLUDE_IN_FRAMEWORK_HEADER = YES;
				CLANG_WARN_RANGE_LOOP_ANALYSIS = YES;
				CLANG_WARN_STRICT_PROTOTYPES = YES;
				CLANG_WARN_SUSPICIOUS_MOVE = YES;
				CLANG_WARN_UNGUARDED_AVAILABILITY = YES_AGGRESSIVE;
				CLANG_WARN_UNREACHABLE_CODE = YES;
				CLANG_WARN__DUPLICATE_METHOD_MATCH = YES;
				COPY_PHASE_STRIP = NO;
				DEBUG_INFORMATION_FORMAT = "dwarf-with-dsym";
				ENABLE_NS_ASSERTIONS = NO;
				ENABLE_STRICT_OBJC_MSGSEND = YES;
				GCC_C_LANGUAGE_STANDARD = gnu11;
				GCC_NO_COMMON_BLOCKS = YES;
				GCC_WARN_64_TO_32_BIT_CONVERSION = YES;
				GCC_WARN_ABOUT_RETURN_TYPE = YES_ERROR;
				GCC_WARN_UNDECLARED_SELECTOR = YES;
				GCC_WARN_UNINITIALIZED_AUTOS = YES_AGGRESSIVE;
				GCC_WARN_UNUSED_FUNCTION = YES;
				GCC_WARN_UNUSED_VARIABLE = YES;
				IPHONEOS_DEPLOYMENT_TARGET = 15.0;
				MTL_ENABLE_DEBUG_INFO = NO;
				MTL_FAST_MATH = YES;
				SDKROOT = iphoneos;
				SWIFT_COMPILATION_MODE = wholemodule;
				SWIFT_OPTIMIZATION_LEVEL = "-O";
				VALIDATE_PRODUCT = YES;
			};
			name = Release;
		};
		DBA865D5275C637700E5ADBB /* Debug */ = {
			isa = XCBuildConfiguration;
			baseConfigurationReference = D468197E88579AF7A9B7E1C5 /* Pods-MoviesAppWithCI.debug.xcconfig */;
			buildSettings = {
				ASSETCATALOG_COMPILER_APPICON_NAME = AppIcon;
				ASSETCATALOG_COMPILER_GLOBAL_ACCENT_COLOR_NAME = AccentColor;
				CODE_SIGN_STYLE = Automatic;
				CURRENT_PROJECT_VERSION = 1;
				GENERATE_INFOPLIST_FILE = YES;
				INFOPLIST_FILE = MoviesAppWithCI/Info.plist;
				INFOPLIST_KEY_UIApplicationSupportsIndirectInputEvents = YES;
				INFOPLIST_KEY_UILaunchStoryboardName = LaunchScreen;
				INFOPLIST_KEY_UISupportedInterfaceOrientations_iPad = "UIInterfaceOrientationPortrait UIInterfaceOrientationPortraitUpsideDown UIInterfaceOrientationLandscapeLeft UIInterfaceOrientationLandscapeRight";
				INFOPLIST_KEY_UISupportedInterfaceOrientations_iPhone = "UIInterfaceOrientationPortrait UIInterfaceOrientationLandscapeLeft UIInterfaceOrientationLandscapeRight";
				LD_RUNPATH_SEARCH_PATHS = (
					"$(inherited)",
					"@executable_path/Frameworks",
				);
				MARKETING_VERSION = 1.0;
				PRODUCT_BUNDLE_IDENTIFIER = "com.bd-drmwan.MoviesAppWithCI";
				PRODUCT_NAME = "$(TARGET_NAME)";
				SWIFT_EMIT_LOC_STRINGS = YES;
				SWIFT_VERSION = 5.0;
				TARGETED_DEVICE_FAMILY = "1,2";
			};
			name = Debug;
		};
		DBA865D6275C637700E5ADBB /* Release */ = {
			isa = XCBuildConfiguration;
			baseConfigurationReference = 24EDB0CDBBC531295A95DEB1 /* Pods-MoviesAppWithCI.release.xcconfig */;
			buildSettings = {
				ASSETCATALOG_COMPILER_APPICON_NAME = AppIcon;
				ASSETCATALOG_COMPILER_GLOBAL_ACCENT_COLOR_NAME = AccentColor;
				CODE_SIGN_STYLE = Automatic;
				CURRENT_PROJECT_VERSION = 1;
				GENERATE_INFOPLIST_FILE = YES;
				INFOPLIST_FILE = MoviesAppWithCI/Info.plist;
				INFOPLIST_KEY_UIApplicationSupportsIndirectInputEvents = YES;
				INFOPLIST_KEY_UILaunchStoryboardName = LaunchScreen;
				INFOPLIST_KEY_UISupportedInterfaceOrientations_iPad = "UIInterfaceOrientationPortrait UIInterfaceOrientationPortraitUpsideDown UIInterfaceOrientationLandscapeLeft UIInterfaceOrientationLandscapeRight";
				INFOPLIST_KEY_UISupportedInterfaceOrientations_iPhone = "UIInterfaceOrientationPortrait UIInterfaceOrientationLandscapeLeft UIInterfaceOrientationLandscapeRight";
				LD_RUNPATH_SEARCH_PATHS = (
					"$(inherited)",
					"@executable_path/Frameworks",
				);
				MARKETING_VERSION = 1.0;
				PRODUCT_BUNDLE_IDENTIFIER = "com.bd-drmwan.MoviesAppWithCI";
				PRODUCT_NAME = "$(TARGET_NAME)";
				SWIFT_EMIT_LOC_STRINGS = YES;
				SWIFT_VERSION = 5.0;
				TARGETED_DEVICE_FAMILY = "1,2";
			};
			name = Release;
		};
/* End XCBuildConfiguration section */

/* Begin XCConfigurationList section */
		DB09D66F2762C59B00133A57 /* Build configuration list for PBXNativeTarget "MoviesAppWithCITests" */ = {
			isa = XCConfigurationList;
			buildConfigurations = (
				DB09D6702762C59B00133A57 /* Debug */,
				DB09D6712762C59B00133A57 /* Release */,
			);
			defaultConfigurationIsVisible = 0;
			defaultConfigurationName = Release;
		};
		DBA865B8275C637500E5ADBB /* Build configuration list for PBXProject "MoviesAppWithCI" */ = {
			isa = XCConfigurationList;
			buildConfigurations = (
				DBA865D2275C637700E5ADBB /* Debug */,
				DBA865D3275C637700E5ADBB /* Release */,
			);
			defaultConfigurationIsVisible = 0;
			defaultConfigurationName = Release;
		};
		DBA865D4275C637700E5ADBB /* Build configuration list for PBXNativeTarget "MoviesAppWithCI" */ = {
			isa = XCConfigurationList;
			buildConfigurations = (
				DBA865D5275C637700E5ADBB /* Debug */,
				DBA865D6275C637700E5ADBB /* Release */,
			);
			defaultConfigurationIsVisible = 0;
			defaultConfigurationName = Release;
		};
/* End XCConfigurationList section */

/* Begin XCVersionGroup section */
		DBA865C9275C637600E5ADBB /* MoviesAppWithCI.xcdatamodeld */ = {
			isa = XCVersionGroup;
			children = (
				DBA865CA275C637600E5ADBB /* MoviesAppWithCI.xcdatamodel */,
			);
			currentVersion = DBA865CA275C637600E5ADBB /* MoviesAppWithCI.xcdatamodel */;
			path = MoviesAppWithCI.xcdatamodeld;
			sourceTree = "<group>";
			versionGroupType = wrapper.xcdatamodel;
		};
/* End XCVersionGroup section */
	};
	rootObject = DBA865B5275C637500E5ADBB /* Project object */;
}
